// !$*UTF8*$!
{
	archiveVersion = 1;
	classes = {
	};
	objectVersion = 46;
	objects = {

/* Begin PBXBuildFile section */
		58003296180D10B10021F73C /* UIDockView.m in Sources */ = {isa = PBXBuildFile; fileRef = 58003295180D10B10021F73C /* UIDockView.m */; };
		58003299180D10CE0021F73C /* UIView+Gravy.m in Sources */ = {isa = PBXBuildFile; fileRef = 58003298180D10CE0021F73C /* UIView+Gravy.m */; };
		5800329C180D134D0021F73C /* bottomBg.png in Resources */ = {isa = PBXBuildFile; fileRef = 5800329A180D134D0021F73C /* bottomBg.png */; };
		5800329D180D134D0021F73C /* bottomBg@2x.png in Resources */ = {isa = PBXBuildFile; fileRef = 5800329B180D134D0021F73C /* bottomBg@2x.png */; };
		580032A5180D16FD0021F73C /* rounded-mplus-1p-bold.ttf in Resources */ = {isa = PBXBuildFile; fileRef = 5800329F180D16FD0021F73C /* rounded-mplus-1p-bold.ttf */; };
		580032A6180D16FD0021F73C /* rounded-mplus-1p-heavy.ttf in Resources */ = {isa = PBXBuildFile; fileRef = 580032A0180D16FD0021F73C /* rounded-mplus-1p-heavy.ttf */; };
		580032A7180D16FD0021F73C /* rounded-mplus-1p-light.ttf in Resources */ = {isa = PBXBuildFile; fileRef = 580032A1180D16FD0021F73C /* rounded-mplus-1p-light.ttf */; };
		580032A8180D16FD0021F73C /* rounded-mplus-1p-medium.ttf in Resources */ = {isa = PBXBuildFile; fileRef = 580032A2180D16FD0021F73C /* rounded-mplus-1p-medium.ttf */; };
		580032A9180D16FD0021F73C /* rounded-mplus-1p-regular.ttf in Resources */ = {isa = PBXBuildFile; fileRef = 580032A3180D16FD0021F73C /* rounded-mplus-1p-regular.ttf */; };
		580032AA180D16FD0021F73C /* rounded-mplus-1p-thin.ttf in Resources */ = {isa = PBXBuildFile; fileRef = 580032A4180D16FD0021F73C /* rounded-mplus-1p-thin.ttf */; };
		580032AF180D275F0021F73C /* icon_camera.png in Resources */ = {isa = PBXBuildFile; fileRef = 580032AB180D275F0021F73C /* icon_camera.png */; };
		580032B0180D275F0021F73C /* icon_camera@2x.png in Resources */ = {isa = PBXBuildFile; fileRef = 580032AC180D275F0021F73C /* icon_camera@2x.png */; };
		580032B1180D275F0021F73C /* icon_photos.png in Resources */ = {isa = PBXBuildFile; fileRef = 580032AD180D275F0021F73C /* icon_photos.png */; };
		580032B2180D275F0021F73C /* icon_photos@2x.png in Resources */ = {isa = PBXBuildFile; fileRef = 580032AE180D275F0021F73C /* icon_photos@2x.png */; };
		580032B6180D28170021F73C /* UIDockButtonBase.m in Sources */ = {isa = PBXBuildFile; fileRef = 580032B5180D28170021F73C /* UIDockButtonBase.m */; };
		580032B9180D28840021F73C /* UIDockButtonCamera.m in Sources */ = {isa = PBXBuildFile; fileRef = 580032B8180D28840021F73C /* UIDockButtonCamera.m */; };
		580032BC180D2C1C0021F73C /* UIDockButtonPhotos.m in Sources */ = {isa = PBXBuildFile; fileRef = 580032BB180D2C1C0021F73C /* UIDockButtonPhotos.m */; };
		580032BF180D34310021F73C /* icon_settings.png in Resources */ = {isa = PBXBuildFile; fileRef = 580032BD180D34310021F73C /* icon_settings.png */; };
		580032C0180D34310021F73C /* icon_settings@2x.png in Resources */ = {isa = PBXBuildFile; fileRef = 580032BE180D34310021F73C /* icon_settings@2x.png */; };
		580032C3180D34490021F73C /* UISettingsButton.m in Sources */ = {isa = PBXBuildFile; fileRef = 580032C2180D34490021F73C /* UISettingsButton.m */; };
		5802E7BF180C0F1400AA2227 /* Foundation.framework in Frameworks */ = {isa = PBXBuildFile; fileRef = 5802E7BE180C0F1400AA2227 /* Foundation.framework */; };
		5802E7C1180C0F1400AA2227 /* CoreGraphics.framework in Frameworks */ = {isa = PBXBuildFile; fileRef = 5802E7C0180C0F1400AA2227 /* CoreGraphics.framework */; };
		5802E7C3180C0F1400AA2227 /* UIKit.framework in Frameworks */ = {isa = PBXBuildFile; fileRef = 5802E7C2180C0F1400AA2227 /* UIKit.framework */; };
		5802E7C9180C0F1400AA2227 /* InfoPlist.strings in Resources */ = {isa = PBXBuildFile; fileRef = 5802E7C7180C0F1400AA2227 /* InfoPlist.strings */; };
		5802E7CB180C0F1400AA2227 /* main.m in Sources */ = {isa = PBXBuildFile; fileRef = 5802E7CA180C0F1400AA2227 /* main.m */; };
		5802E7CF180C0F1400AA2227 /* AppDelegate.m in Sources */ = {isa = PBXBuildFile; fileRef = 5802E7CE180C0F1400AA2227 /* AppDelegate.m */; };
		5802E7D2180C0F1400AA2227 /* Main.storyboard in Resources */ = {isa = PBXBuildFile; fileRef = 5802E7D0180C0F1400AA2227 /* Main.storyboard */; };
		5802E7D5180C0F1400AA2227 /* TopViewController.m in Sources */ = {isa = PBXBuildFile; fileRef = 5802E7D4180C0F1400AA2227 /* TopViewController.m */; };
		5802E7D7180C0F1400AA2227 /* Images.xcassets in Resources */ = {isa = PBXBuildFile; fileRef = 5802E7D6180C0F1400AA2227 /* Images.xcassets */; };
		5802E7DE180C0F1500AA2227 /* XCTest.framework in Frameworks */ = {isa = PBXBuildFile; fileRef = 5802E7DD180C0F1500AA2227 /* XCTest.framework */; };
		5802E7DF180C0F1500AA2227 /* Foundation.framework in Frameworks */ = {isa = PBXBuildFile; fileRef = 5802E7BE180C0F1400AA2227 /* Foundation.framework */; };
		5802E7E0180C0F1500AA2227 /* UIKit.framework in Frameworks */ = {isa = PBXBuildFile; fileRef = 5802E7C2180C0F1400AA2227 /* UIKit.framework */; };
		5802E7E8180C0F1500AA2227 /* InfoPlist.strings in Resources */ = {isa = PBXBuildFile; fileRef = 5802E7E6180C0F1500AA2227 /* InfoPlist.strings */; };
		5802E7EA180C0F1500AA2227 /* Gravy_1_0Tests.m in Sources */ = {isa = PBXBuildFile; fileRef = 5802E7E9180C0F1500AA2227 /* Gravy_1_0Tests.m */; };
		5802E7F7180C0F8500AA2227 /* Default-568h@2x.png in Resources */ = {isa = PBXBuildFile; fileRef = 5802E7F4180C0F8500AA2227 /* Default-568h@2x.png */; };
		5802E7F8180C0F8500AA2227 /* Default.png in Resources */ = {isa = PBXBuildFile; fileRef = 5802E7F5180C0F8500AA2227 /* Default.png */; };
		5802E7F9180C0F8500AA2227 /* Default@2x.png in Resources */ = {isa = PBXBuildFile; fileRef = 5802E7F6180C0F8500AA2227 /* Default@2x.png */; };
		5802E814180C22F900AA2227 /* Localizable.strings in Resources */ = {isa = PBXBuildFile; fileRef = 5802E816180C22F900AA2227 /* Localizable.strings */; };
		5802E825180C2E5E00AA2227 /* UIScreen+Gravy.m in Sources */ = {isa = PBXBuildFile; fileRef = 5802E824180C2E5E00AA2227 /* UIScreen+Gravy.m */; };
		5809B4FF180EB902007670D1 /* UIWrapperView.m in Sources */ = {isa = PBXBuildFile; fileRef = 5809B4FE180EB902007670D1 /* UIWrapperView.m */; };
		5809B503180EBAD2007670D1 /* UIEditorTitleLabel.m in Sources */ = {isa = PBXBuildFile; fileRef = 5809B502180EBAD2007670D1 /* UIEditorTitleLabel.m */; };
		58E9C5F5181FD57800BBDA5A /* bg-568h@2x.jpg in Resources */ = {isa = PBXBuildFile; fileRef = 58E9C5F2181FD57800BBDA5A /* bg-568h@2x.jpg */; };
		58EEE5F41820D740008C4B2A /* icon-29.png in Resources */ = {isa = PBXBuildFile; fileRef = 58EEE5E71820D740008C4B2A /* icon-29.png */; };
		58EEE5F51820D740008C4B2A /* icon-40.png in Resources */ = {isa = PBXBuildFile; fileRef = 58EEE5E81820D740008C4B2A /* icon-40.png */; };
		58EEE5F61820D740008C4B2A /* icon-50.png in Resources */ = {isa = PBXBuildFile; fileRef = 58EEE5E91820D740008C4B2A /* icon-50.png */; };
		58EEE5F71820D740008C4B2A /* icon-57.png in Resources */ = {isa = PBXBuildFile; fileRef = 58EEE5EA1820D740008C4B2A /* icon-57.png */; };
		58EEE5F81820D740008C4B2A /* icon-58.png in Resources */ = {isa = PBXBuildFile; fileRef = 58EEE5EB1820D740008C4B2A /* icon-58.png */; };
		58EEE5F91820D740008C4B2A /* icon-72.png in Resources */ = {isa = PBXBuildFile; fileRef = 58EEE5EC1820D740008C4B2A /* icon-72.png */; };
		58EEE5FA1820D740008C4B2A /* icon-76.png in Resources */ = {isa = PBXBuildFile; fileRef = 58EEE5ED1820D740008C4B2A /* icon-76.png */; };
		58EEE5FB1820D740008C4B2A /* icon-80.png in Resources */ = {isa = PBXBuildFile; fileRef = 58EEE5EE1820D740008C4B2A /* icon-80.png */; };
		58EEE5FC1820D740008C4B2A /* icon-100.png in Resources */ = {isa = PBXBuildFile; fileRef = 58EEE5EF1820D740008C4B2A /* icon-100.png */; };
		58EEE5FD1820D740008C4B2A /* icon-114.png in Resources */ = {isa = PBXBuildFile; fileRef = 58EEE5F01820D740008C4B2A /* icon-114.png */; };
		58EEE5FE1820D740008C4B2A /* icon-120.png in Resources */ = {isa = PBXBuildFile; fileRef = 58EEE5F11820D740008C4B2A /* icon-120.png */; };
		58EEE5FF1820D740008C4B2A /* icon-144.png in Resources */ = {isa = PBXBuildFile; fileRef = 58EEE5F21820D740008C4B2A /* icon-144.png */; };
		58EEE6001820D740008C4B2A /* icon-152.png in Resources */ = {isa = PBXBuildFile; fileRef = 58EEE5F31820D740008C4B2A /* icon-152.png */; };
		58F0271B181A8B6600938725 /* SVProgressHUD.bundle in Resources */ = {isa = PBXBuildFile; fileRef = 58F02718181A8B6600938725 /* SVProgressHUD.bundle */; };
		58F0271C181A8B6600938725 /* SVProgressHUD.m in Sources */ = {isa = PBXBuildFile; fileRef = 58F0271A181A8B6600938725 /* SVProgressHUD.m */; };
		58F14A51182BB484009DA863 /* GPUImageSelectiveColorFilter.m in Sources */ = {isa = PBXBuildFile; fileRef = 58F14A50182BB484009DA863 /* GPUImageSelectiveColorFilter.m */; };
		58F3C427181C8A7100F7129D /* CoreMedia.framework in Frameworks */ = {isa = PBXBuildFile; fileRef = 58F3C426181C8A7100F7129D /* CoreMedia.framework */; };
		58F3C429181C8A7900F7129D /* CoreVideo.framework in Frameworks */ = {isa = PBXBuildFile; fileRef = 58F3C428181C8A7900F7129D /* CoreVideo.framework */; };
		58F3C42B181C8A8300F7129D /* OpenGLES.framework in Frameworks */ = {isa = PBXBuildFile; fileRef = 58F3C42A181C8A8300F7129D /* OpenGLES.framework */; };
		58F3C42D181C8A9200F7129D /* AVFoundation.framework in Frameworks */ = {isa = PBXBuildFile; fileRef = 58F3C42C181C8A9200F7129D /* AVFoundation.framework */; };
		58F3C42F181C8A9C00F7129D /* QuartzCore.framework in Frameworks */ = {isa = PBXBuildFile; fileRef = 58F3C42E181C8A9C00F7129D /* QuartzCore.framework */; };
		58F3C430181C8AA800F7129D /* libGPUImage.a in Frameworks */ = {isa = PBXBuildFile; fileRef = 58F3C423181C89FC00F7129D /* libGPUImage.a */; };
		58F3C434181C8EB700F7129D /* GPUWhitebalanceImageFilter.m in Sources */ = {isa = PBXBuildFile; fileRef = 58F3C433181C8EB700F7129D /* GPUWhitebalanceImageFilter.m */; };
		58F3C439181CA13C00F7129D /* GPULevelsImageFilter.m in Sources */ = {isa = PBXBuildFile; fileRef = 58F3C438181CA13C00F7129D /* GPULevelsImageFilter.m */; };
		58F3C43F181CC55200F7129D /* GPUSaturationImageFilter.m in Sources */ = {isa = PBXBuildFile; fileRef = 58F3C43E181CC55200F7129D /* GPUSaturationImageFilter.m */; };
		58F471A5180E5D7800C64E46 /* bottomEditorBg.png in Resources */ = {isa = PBXBuildFile; fileRef = 58F471A3180E5D7800C64E46 /* bottomEditorBg.png */; };
		58F471A6180E5D7800C64E46 /* bottomEditorBg@2x.png in Resources */ = {isa = PBXBuildFile; fileRef = 58F471A4180E5D7800C64E46 /* bottomEditorBg@2x.png */; };
		58F471B5180E74B000C64E46 /* UIDockButtonBack.m in Sources */ = {isa = PBXBuildFile; fileRef = 58F471B4180E74B000C64E46 /* UIDockButtonBack.m */; };
		58F471B8180E74ED00C64E46 /* UIDockButtonNext.m in Sources */ = {isa = PBXBuildFile; fileRef = 58F471B7180E74ED00C64E46 /* UIDockButtonNext.m */; };
		58F471BD180E7AFF00C64E46 /* icon_next.png in Resources */ = {isa = PBXBuildFile; fileRef = 58F471BB180E7AFF00C64E46 /* icon_next.png */; };
		58F471BE180E7AFF00C64E46 /* icon_next@2x.png in Resources */ = {isa = PBXBuildFile; fileRef = 58F471BC180E7AFF00C64E46 /* icon_next@2x.png */; };
		58F471C1180E7B0500C64E46 /* icon_back.png in Resources */ = {isa = PBXBuildFile; fileRef = 58F471BF180E7B0500C64E46 /* icon_back.png */; };
		58F471C2180E7B0500C64E46 /* icon_back@2x.png in Resources */ = {isa = PBXBuildFile; fileRef = 58F471C0180E7B0500C64E46 /* icon_back@2x.png */; };
		58F6FED11827CA61003F49C6 /* GPUImageEffects.m in Sources */ = {isa = PBXBuildFile; fileRef = 58F6FED01827CA61003F49C6 /* GPUImageEffects.m */; };
		58F6FED41827CD8F003F49C6 /* GPUEffectSoftPop.m in Sources */ = {isa = PBXBuildFile; fileRef = 58F6FED31827CD8F003F49C6 /* GPUEffectSoftPop.m */; };
		58F6FED71827D40E003F49C6 /* GPUSoftPopCurve01.acv in Resources */ = {isa = PBXBuildFile; fileRef = 58F6FED61827D40E003F49C6 /* GPUSoftPopCurve01.acv */; };
		58F7911E180D65E500968648 /* editor_bg-568h@2x.jpg in Resources */ = {isa = PBXBuildFile; fileRef = 58F7911B180D65E500968648 /* editor_bg-568h@2x.jpg */; };
		58F7911F180D65E500968648 /* editor_bg.jpg in Resources */ = {isa = PBXBuildFile; fileRef = 58F7911C180D65E500968648 /* editor_bg.jpg */; };
		58F79120180D65E500968648 /* editor_bg@2x.jpg in Resources */ = {isa = PBXBuildFile; fileRef = 58F7911D180D65E500968648 /* editor_bg@2x.jpg */; };
		58F79123180D696700968648 /* EditorViewController.m in Sources */ = {isa = PBXBuildFile; fileRef = 58F79122180D696700968648 /* EditorViewController.m */; };
		58F79126180D6CCB00968648 /* RootViewController.m in Sources */ = {isa = PBXBuildFile; fileRef = 58F79125180D6CCB00968648 /* RootViewController.m */; };
		58F9D7B9182670D900A811FD /* GPUImageGradientColorGenerator.m in Sources */ = {isa = PBXBuildFile; fileRef = 58F9D7B8182670D900A811FD /* GPUImageGradientColorGenerator.m */; };
		58F9FD6A182330CB003D32F4 /* GPUEffectHaze3.m in Sources */ = {isa = PBXBuildFile; fileRef = 58F9FD69182330CB003D32F4 /* GPUEffectHaze3.m */; };
		58F9FD7318234F33003D32F4 /* GPUAutumn6Effect.m in Sources */ = {isa = PBXBuildFile; fileRef = 58F9FD7218234F33003D32F4 /* GPUAutumn6Effect.m */; };
		58F9FD7718235040003D32F4 /* GPUEffectColorfulCandy.m in Sources */ = {isa = PBXBuildFile; fileRef = 58F9FD7618235040003D32F4 /* GPUEffectColorfulCandy.m */; };
		58FA2E291813F3EC00DFB4FB /* UIScrollView+Gravy.m in Sources */ = {isa = PBXBuildFile; fileRef = 58FA2E281813F3EC00DFB4FB /* UIScrollView+Gravy.m */; };
		58FA7A72182604D200848AFD /* GPUImageChannelMixerFilter.m in Sources */ = {isa = PBXBuildFile; fileRef = 58FA7A71182604D200848AFD /* GPUImageChannelMixerFilter.m */; };
		58FA7A75182631F400848AFD /* GPUCCCurve01.acv in Resources */ = {isa = PBXBuildFile; fileRef = 58FA7A7418262B5500848AFD /* GPUCCCurve01.acv */; };
		58FAB9C818115C4F00B95F02 /* UISliderView.m in Sources */ = {isa = PBXBuildFile; fileRef = 58FAB9C718115C4F00B95F02 /* UISliderView.m */; };
		58FAE695181FFBEA00C4FE15 /* bg.jpg in Resources */ = {isa = PBXBuildFile; fileRef = 58FAE693181FFBEA00C4FE15 /* bg.jpg */; };
		58FAE696181FFBEA00C4FE15 /* bg@2x.jpg in Resources */ = {isa = PBXBuildFile; fileRef = 58FAE694181FFBEA00C4FE15 /* bg@2x.jpg */; };
		58FBB40118155FB4001CFDC8 /* slider.png in Resources */ = {isa = PBXBuildFile; fileRef = 58FBB3FF18155FB4001CFDC8 /* slider.png */; };
		58FBB40218155FB4001CFDC8 /* slider@2x.png in Resources */ = {isa = PBXBuildFile; fileRef = 58FBB40018155FB4001CFDC8 /* slider@2x.png */; };
		58FBB40518155FE4001CFDC8 /* UIDockButtonSave.m in Sources */ = {isa = PBXBuildFile; fileRef = 58FBB40418155FE4001CFDC8 /* UIDockButtonSave.m */; };
		58FBB40818156410001CFDC8 /* icon_download.png in Resources */ = {isa = PBXBuildFile; fileRef = 58FBB40618156410001CFDC8 /* icon_download.png */; };
		58FBB40918156410001CFDC8 /* icon_download@2x.png in Resources */ = {isa = PBXBuildFile; fileRef = 58FBB40718156410001CFDC8 /* icon_download@2x.png */; };
		58FEFFD818101550008B4E8D /* UIFadeNavigationController.m in Sources */ = {isa = PBXBuildFile; fileRef = 58FEFFD718101550008B4E8D /* UIFadeNavigationController.m */; };
		58FEFFDA18101C08008B4E8D /* CoreImage.framework in Frameworks */ = {isa = PBXBuildFile; fileRef = 58FEFFD918101C08008B4E8D /* CoreImage.framework */; };
		58FEFFDD18101D2C008B4E8D /* UIThumbnailView.m in Sources */ = {isa = PBXBuildFile; fileRef = 58FEFFDC18101D2C008B4E8D /* UIThumbnailView.m */; };
		58FEFFE018101EB5008B4E8D /* UIDevice+Gravy.m in Sources */ = {isa = PBXBuildFile; fileRef = 58FEFFDF18101EB5008B4E8D /* UIDevice+Gravy.m */; };
/* End PBXBuildFile section */

/* Begin PBXContainerItemProxy section */
		5802E7E1180C0F1500AA2227 /* PBXContainerItemProxy */ = {
			isa = PBXContainerItemProxy;
			containerPortal = 5802E7B3180C0F1400AA2227 /* Project object */;
			proxyType = 1;
			remoteGlobalIDString = 5802E7BA180C0F1400AA2227;
			remoteInfo = Gravy_1.0;
		};
		58F3C422181C89FC00F7129D /* PBXContainerItemProxy */ = {
			isa = PBXContainerItemProxy;
			containerPortal = 58F3C41C181C89FB00F7129D /* GPUImage.xcodeproj */;
			proxyType = 2;
			remoteGlobalIDString = BCF1A33414DDB1EC00852800;
			remoteInfo = GPUImage;
		};
		58F3C424181C89FC00F7129D /* PBXContainerItemProxy */ = {
			isa = PBXContainerItemProxy;
			containerPortal = 58F3C41C181C89FB00F7129D /* GPUImage.xcodeproj */;
			proxyType = 2;
			remoteGlobalIDString = BCF1A34414DDB1EC00852800;
			remoteInfo = GPUImageTests;
		};
/* End PBXContainerItemProxy section */

/* Begin PBXFileReference section */
		58003294180D10B10021F73C /* UIDockView.h */ = {isa = PBXFileReference; fileEncoding = 4; lastKnownFileType = sourcecode.c.h; path = UIDockView.h; sourceTree = "<group>"; };
		58003295180D10B10021F73C /* UIDockView.m */ = {isa = PBXFileReference; fileEncoding = 4; lastKnownFileType = sourcecode.c.objc; path = UIDockView.m; sourceTree = "<group>"; };
		58003297180D10CE0021F73C /* UIView+Gravy.h */ = {isa = PBXFileReference; fileEncoding = 4; lastKnownFileType = sourcecode.c.h; path = "UIView+Gravy.h"; sourceTree = "<group>"; };
		58003298180D10CE0021F73C /* UIView+Gravy.m */ = {isa = PBXFileReference; fileEncoding = 4; lastKnownFileType = sourcecode.c.objc; path = "UIView+Gravy.m"; sourceTree = "<group>"; };
		5800329A180D134D0021F73C /* bottomBg.png */ = {isa = PBXFileReference; lastKnownFileType = image.png; path = bottomBg.png; sourceTree = "<group>"; };
		5800329B180D134D0021F73C /* bottomBg@2x.png */ = {isa = PBXFileReference; lastKnownFileType = image.png; path = "bottomBg@2x.png"; sourceTree = "<group>"; };
		5800329F180D16FD0021F73C /* rounded-mplus-1p-bold.ttf */ = {isa = PBXFileReference; lastKnownFileType = file; path = "rounded-mplus-1p-bold.ttf"; sourceTree = "<group>"; };
		580032A0180D16FD0021F73C /* rounded-mplus-1p-heavy.ttf */ = {isa = PBXFileReference; lastKnownFileType = file; path = "rounded-mplus-1p-heavy.ttf"; sourceTree = "<group>"; };
		580032A1180D16FD0021F73C /* rounded-mplus-1p-light.ttf */ = {isa = PBXFileReference; lastKnownFileType = file; path = "rounded-mplus-1p-light.ttf"; sourceTree = "<group>"; };
		580032A2180D16FD0021F73C /* rounded-mplus-1p-medium.ttf */ = {isa = PBXFileReference; lastKnownFileType = file; path = "rounded-mplus-1p-medium.ttf"; sourceTree = "<group>"; };
		580032A3180D16FD0021F73C /* rounded-mplus-1p-regular.ttf */ = {isa = PBXFileReference; lastKnownFileType = file; path = "rounded-mplus-1p-regular.ttf"; sourceTree = "<group>"; };
		580032A4180D16FD0021F73C /* rounded-mplus-1p-thin.ttf */ = {isa = PBXFileReference; lastKnownFileType = file; path = "rounded-mplus-1p-thin.ttf"; sourceTree = "<group>"; };
		580032AB180D275F0021F73C /* icon_camera.png */ = {isa = PBXFileReference; lastKnownFileType = image.png; path = icon_camera.png; sourceTree = "<group>"; };
		580032AC180D275F0021F73C /* icon_camera@2x.png */ = {isa = PBXFileReference; lastKnownFileType = image.png; path = "icon_camera@2x.png"; sourceTree = "<group>"; };
		580032AD180D275F0021F73C /* icon_photos.png */ = {isa = PBXFileReference; lastKnownFileType = image.png; path = icon_photos.png; sourceTree = "<group>"; };
		580032AE180D275F0021F73C /* icon_photos@2x.png */ = {isa = PBXFileReference; lastKnownFileType = image.png; path = "icon_photos@2x.png"; sourceTree = "<group>"; };
		580032B4180D28170021F73C /* UIDockButtonBase.h */ = {isa = PBXFileReference; fileEncoding = 4; lastKnownFileType = sourcecode.c.h; path = UIDockButtonBase.h; sourceTree = "<group>"; };
		580032B5180D28170021F73C /* UIDockButtonBase.m */ = {isa = PBXFileReference; fileEncoding = 4; lastKnownFileType = sourcecode.c.objc; path = UIDockButtonBase.m; sourceTree = "<group>"; };
		580032B7180D28840021F73C /* UIDockButtonCamera.h */ = {isa = PBXFileReference; fileEncoding = 4; lastKnownFileType = sourcecode.c.h; path = UIDockButtonCamera.h; sourceTree = "<group>"; };
		580032B8180D28840021F73C /* UIDockButtonCamera.m */ = {isa = PBXFileReference; fileEncoding = 4; lastKnownFileType = sourcecode.c.objc; path = UIDockButtonCamera.m; sourceTree = "<group>"; };
		580032BA180D2C1C0021F73C /* UIDockButtonPhotos.h */ = {isa = PBXFileReference; fileEncoding = 4; lastKnownFileType = sourcecode.c.h; path = UIDockButtonPhotos.h; sourceTree = "<group>"; };
		580032BB180D2C1C0021F73C /* UIDockButtonPhotos.m */ = {isa = PBXFileReference; fileEncoding = 4; lastKnownFileType = sourcecode.c.objc; path = UIDockButtonPhotos.m; sourceTree = "<group>"; };
		580032BD180D34310021F73C /* icon_settings.png */ = {isa = PBXFileReference; lastKnownFileType = image.png; path = icon_settings.png; sourceTree = "<group>"; };
		580032BE180D34310021F73C /* icon_settings@2x.png */ = {isa = PBXFileReference; lastKnownFileType = image.png; path = "icon_settings@2x.png"; sourceTree = "<group>"; };
		580032C1180D34490021F73C /* UISettingsButton.h */ = {isa = PBXFileReference; fileEncoding = 4; lastKnownFileType = sourcecode.c.h; path = UISettingsButton.h; sourceTree = "<group>"; };
		580032C2180D34490021F73C /* UISettingsButton.m */ = {isa = PBXFileReference; fileEncoding = 4; lastKnownFileType = sourcecode.c.objc; path = UISettingsButton.m; sourceTree = "<group>"; };
		5802E7BB180C0F1400AA2227 /* Gravy_1.0.app */ = {isa = PBXFileReference; explicitFileType = wrapper.application; includeInIndex = 0; path = Gravy_1.0.app; sourceTree = BUILT_PRODUCTS_DIR; };
		5802E7BE180C0F1400AA2227 /* Foundation.framework */ = {isa = PBXFileReference; lastKnownFileType = wrapper.framework; name = Foundation.framework; path = System/Library/Frameworks/Foundation.framework; sourceTree = SDKROOT; };
		5802E7C0180C0F1400AA2227 /* CoreGraphics.framework */ = {isa = PBXFileReference; lastKnownFileType = wrapper.framework; name = CoreGraphics.framework; path = System/Library/Frameworks/CoreGraphics.framework; sourceTree = SDKROOT; };
		5802E7C2180C0F1400AA2227 /* UIKit.framework */ = {isa = PBXFileReference; lastKnownFileType = wrapper.framework; name = UIKit.framework; path = System/Library/Frameworks/UIKit.framework; sourceTree = SDKROOT; };
		5802E7C6180C0F1400AA2227 /* Gravy_1.0-Info.plist */ = {isa = PBXFileReference; lastKnownFileType = text.plist.xml; path = "Gravy_1.0-Info.plist"; sourceTree = "<group>"; };
		5802E7C8180C0F1400AA2227 /* en */ = {isa = PBXFileReference; lastKnownFileType = text.plist.strings; name = en; path = en.lproj/InfoPlist.strings; sourceTree = "<group>"; };
		5802E7CA180C0F1400AA2227 /* main.m */ = {isa = PBXFileReference; lastKnownFileType = sourcecode.c.objc; path = main.m; sourceTree = "<group>"; };
		5802E7CC180C0F1400AA2227 /* Gravy_1.0-Prefix.pch */ = {isa = PBXFileReference; lastKnownFileType = sourcecode.c.h; path = "Gravy_1.0-Prefix.pch"; sourceTree = "<group>"; };
		5802E7CD180C0F1400AA2227 /* AppDelegate.h */ = {isa = PBXFileReference; lastKnownFileType = sourcecode.c.h; path = AppDelegate.h; sourceTree = "<group>"; };
		5802E7CE180C0F1400AA2227 /* AppDelegate.m */ = {isa = PBXFileReference; lastKnownFileType = sourcecode.c.objc; path = AppDelegate.m; sourceTree = "<group>"; };
		5802E7D3180C0F1400AA2227 /* TopViewController.h */ = {isa = PBXFileReference; lastKnownFileType = sourcecode.c.h; path = TopViewController.h; sourceTree = "<group>"; };
		5802E7D4180C0F1400AA2227 /* TopViewController.m */ = {isa = PBXFileReference; lastKnownFileType = sourcecode.c.objc; path = TopViewController.m; sourceTree = "<group>"; };
		5802E7D6180C0F1400AA2227 /* Images.xcassets */ = {isa = PBXFileReference; lastKnownFileType = folder.assetcatalog; path = Images.xcassets; sourceTree = "<group>"; };
		5802E7DC180C0F1500AA2227 /* Gravy_1.0Tests.xctest */ = {isa = PBXFileReference; explicitFileType = wrapper.cfbundle; includeInIndex = 0; path = Gravy_1.0Tests.xctest; sourceTree = BUILT_PRODUCTS_DIR; };
		5802E7DD180C0F1500AA2227 /* XCTest.framework */ = {isa = PBXFileReference; lastKnownFileType = wrapper.framework; name = XCTest.framework; path = Library/Frameworks/XCTest.framework; sourceTree = DEVELOPER_DIR; };
		5802E7E5180C0F1500AA2227 /* Gravy_1.0Tests-Info.plist */ = {isa = PBXFileReference; lastKnownFileType = text.plist.xml; path = "Gravy_1.0Tests-Info.plist"; sourceTree = "<group>"; };
		5802E7E7180C0F1500AA2227 /* en */ = {isa = PBXFileReference; lastKnownFileType = text.plist.strings; name = en; path = en.lproj/InfoPlist.strings; sourceTree = "<group>"; };
		5802E7E9180C0F1500AA2227 /* Gravy_1_0Tests.m */ = {isa = PBXFileReference; lastKnownFileType = sourcecode.c.objc; path = Gravy_1_0Tests.m; sourceTree = "<group>"; };
		5802E7F4180C0F8500AA2227 /* Default-568h@2x.png */ = {isa = PBXFileReference; lastKnownFileType = image.png; path = "Default-568h@2x.png"; sourceTree = "<group>"; };
		5802E7F5180C0F8500AA2227 /* Default.png */ = {isa = PBXFileReference; lastKnownFileType = image.png; path = Default.png; sourceTree = "<group>"; };
		5802E7F6180C0F8500AA2227 /* Default@2x.png */ = {isa = PBXFileReference; lastKnownFileType = image.png; path = "Default@2x.png"; sourceTree = "<group>"; };
		5802E80E180C112700AA2227 /* en */ = {isa = PBXFileReference; lastKnownFileType = file.storyboard; name = en; path = en.lproj/Main.storyboard; sourceTree = "<group>"; };
		5802E80F180C218600AA2227 /* ja */ = {isa = PBXFileReference; lastKnownFileType = file.storyboard; name = ja; path = ja.lproj/Main.storyboard; sourceTree = "<group>"; };
		5802E810180C218600AA2227 /* ja */ = {isa = PBXFileReference; lastKnownFileType = text.plist.strings; name = ja; path = ja.lproj/InfoPlist.strings; sourceTree = "<group>"; };
		5802E811180C218600AA2227 /* ja */ = {isa = PBXFileReference; lastKnownFileType = text.plist.strings; name = ja; path = ja.lproj/InfoPlist.strings; sourceTree = "<group>"; };
		5802E817180C22FF00AA2227 /* en */ = {isa = PBXFileReference; lastKnownFileType = text.plist.strings; name = en; path = en.lproj/Localizable.strings; sourceTree = "<group>"; };
		5802E818180C230000AA2227 /* ja */ = {isa = PBXFileReference; lastKnownFileType = text.plist.strings; name = ja; path = ja.lproj/Localizable.strings; sourceTree = "<group>"; };
		5802E823180C2E5E00AA2227 /* UIScreen+Gravy.h */ = {isa = PBXFileReference; fileEncoding = 4; lastKnownFileType = sourcecode.c.h; path = "UIScreen+Gravy.h"; sourceTree = "<group>"; };
		5802E824180C2E5E00AA2227 /* UIScreen+Gravy.m */ = {isa = PBXFileReference; fileEncoding = 4; lastKnownFileType = sourcecode.c.objc; path = "UIScreen+Gravy.m"; sourceTree = "<group>"; };
		5809B4FD180EB902007670D1 /* UIWrapperView.h */ = {isa = PBXFileReference; fileEncoding = 4; lastKnownFileType = sourcecode.c.h; path = UIWrapperView.h; sourceTree = "<group>"; };
		5809B4FE180EB902007670D1 /* UIWrapperView.m */ = {isa = PBXFileReference; fileEncoding = 4; lastKnownFileType = sourcecode.c.objc; path = UIWrapperView.m; sourceTree = "<group>"; };
		5809B501180EBAD2007670D1 /* UIEditorTitleLabel.h */ = {isa = PBXFileReference; fileEncoding = 4; lastKnownFileType = sourcecode.c.h; path = UIEditorTitleLabel.h; sourceTree = "<group>"; };
		5809B502180EBAD2007670D1 /* UIEditorTitleLabel.m */ = {isa = PBXFileReference; fileEncoding = 4; lastKnownFileType = sourcecode.c.objc; path = UIEditorTitleLabel.m; sourceTree = "<group>"; };
		58E9C5F2181FD57800BBDA5A /* bg-568h@2x.jpg */ = {isa = PBXFileReference; lastKnownFileType = image.jpeg; path = "bg-568h@2x.jpg"; sourceTree = "<group>"; };
		58EEE5E71820D740008C4B2A /* icon-29.png */ = {isa = PBXFileReference; lastKnownFileType = image.png; path = "icon-29.png"; sourceTree = "<group>"; };
		58EEE5E81820D740008C4B2A /* icon-40.png */ = {isa = PBXFileReference; lastKnownFileType = image.png; path = "icon-40.png"; sourceTree = "<group>"; };
		58EEE5E91820D740008C4B2A /* icon-50.png */ = {isa = PBXFileReference; lastKnownFileType = image.png; path = "icon-50.png"; sourceTree = "<group>"; };
		58EEE5EA1820D740008C4B2A /* icon-57.png */ = {isa = PBXFileReference; lastKnownFileType = image.png; path = "icon-57.png"; sourceTree = "<group>"; };
		58EEE5EB1820D740008C4B2A /* icon-58.png */ = {isa = PBXFileReference; lastKnownFileType = image.png; path = "icon-58.png"; sourceTree = "<group>"; };
		58EEE5EC1820D740008C4B2A /* icon-72.png */ = {isa = PBXFileReference; lastKnownFileType = image.png; path = "icon-72.png"; sourceTree = "<group>"; };
		58EEE5ED1820D740008C4B2A /* icon-76.png */ = {isa = PBXFileReference; lastKnownFileType = image.png; path = "icon-76.png"; sourceTree = "<group>"; };
		58EEE5EE1820D740008C4B2A /* icon-80.png */ = {isa = PBXFileReference; lastKnownFileType = image.png; path = "icon-80.png"; sourceTree = "<group>"; };
		58EEE5EF1820D740008C4B2A /* icon-100.png */ = {isa = PBXFileReference; lastKnownFileType = image.png; path = "icon-100.png"; sourceTree = "<group>"; };
		58EEE5F01820D740008C4B2A /* icon-114.png */ = {isa = PBXFileReference; lastKnownFileType = image.png; path = "icon-114.png"; sourceTree = "<group>"; };
		58EEE5F11820D740008C4B2A /* icon-120.png */ = {isa = PBXFileReference; lastKnownFileType = image.png; path = "icon-120.png"; sourceTree = "<group>"; };
		58EEE5F21820D740008C4B2A /* icon-144.png */ = {isa = PBXFileReference; lastKnownFileType = image.png; path = "icon-144.png"; sourceTree = "<group>"; };
		58EEE5F31820D740008C4B2A /* icon-152.png */ = {isa = PBXFileReference; lastKnownFileType = image.png; path = "icon-152.png"; sourceTree = "<group>"; };
		58F02718181A8B6600938725 /* SVProgressHUD.bundle */ = {isa = PBXFileReference; lastKnownFileType = "wrapper.plug-in"; path = SVProgressHUD.bundle; sourceTree = "<group>"; };
		58F02719181A8B6600938725 /* SVProgressHUD.h */ = {isa = PBXFileReference; fileEncoding = 4; lastKnownFileType = sourcecode.c.h; path = SVProgressHUD.h; sourceTree = "<group>"; };
		58F0271A181A8B6600938725 /* SVProgressHUD.m */ = {isa = PBXFileReference; fileEncoding = 4; lastKnownFileType = sourcecode.c.objc; path = SVProgressHUD.m; sourceTree = "<group>"; };
		58F14A4F182BB484009DA863 /* GPUImageSelectiveColorFilter.h */ = {isa = PBXFileReference; fileEncoding = 4; lastKnownFileType = sourcecode.c.h; path = GPUImageSelectiveColorFilter.h; sourceTree = "<group>"; };
		58F14A50182BB484009DA863 /* GPUImageSelectiveColorFilter.m */ = {isa = PBXFileReference; fileEncoding = 4; lastKnownFileType = sourcecode.c.objc; path = GPUImageSelectiveColorFilter.m; sourceTree = "<group>"; };
		58F3C41C181C89FB00F7129D /* GPUImage.xcodeproj */ = {isa = PBXFileReference; lastKnownFileType = "wrapper.pb-project"; name = GPUImage.xcodeproj; path = GPUImage/framework/GPUImage.xcodeproj; sourceTree = "<group>"; };
		58F3C426181C8A7100F7129D /* CoreMedia.framework */ = {isa = PBXFileReference; lastKnownFileType = wrapper.framework; name = CoreMedia.framework; path = System/Library/Frameworks/CoreMedia.framework; sourceTree = SDKROOT; };
		58F3C428181C8A7900F7129D /* CoreVideo.framework */ = {isa = PBXFileReference; lastKnownFileType = wrapper.framework; name = CoreVideo.framework; path = System/Library/Frameworks/CoreVideo.framework; sourceTree = SDKROOT; };
		58F3C42A181C8A8300F7129D /* OpenGLES.framework */ = {isa = PBXFileReference; lastKnownFileType = wrapper.framework; name = OpenGLES.framework; path = System/Library/Frameworks/OpenGLES.framework; sourceTree = SDKROOT; };
		58F3C42C181C8A9200F7129D /* AVFoundation.framework */ = {isa = PBXFileReference; lastKnownFileType = wrapper.framework; name = AVFoundation.framework; path = System/Library/Frameworks/AVFoundation.framework; sourceTree = SDKROOT; };
		58F3C42E181C8A9C00F7129D /* QuartzCore.framework */ = {isa = PBXFileReference; lastKnownFileType = wrapper.framework; name = QuartzCore.framework; path = System/Library/Frameworks/QuartzCore.framework; sourceTree = SDKROOT; };
		58F3C432181C8EB700F7129D /* GPUWhitebalanceImageFilter.h */ = {isa = PBXFileReference; fileEncoding = 4; lastKnownFileType = sourcecode.c.h; path = GPUWhitebalanceImageFilter.h; sourceTree = "<group>"; };
		58F3C433181C8EB700F7129D /* GPUWhitebalanceImageFilter.m */ = {isa = PBXFileReference; fileEncoding = 4; lastKnownFileType = sourcecode.c.objc; path = GPUWhitebalanceImageFilter.m; sourceTree = "<group>"; };
		58F3C437181CA13C00F7129D /* GPULevelsImageFilter.h */ = {isa = PBXFileReference; fileEncoding = 4; lastKnownFileType = sourcecode.c.h; path = GPULevelsImageFilter.h; sourceTree = "<group>"; };
		58F3C438181CA13C00F7129D /* GPULevelsImageFilter.m */ = {isa = PBXFileReference; fileEncoding = 4; lastKnownFileType = sourcecode.c.objc; path = GPULevelsImageFilter.m; sourceTree = "<group>"; };
		58F3C43D181CC55200F7129D /* GPUSaturationImageFilter.h */ = {isa = PBXFileReference; fileEncoding = 4; lastKnownFileType = sourcecode.c.h; path = GPUSaturationImageFilter.h; sourceTree = "<group>"; };
		58F3C43E181CC55200F7129D /* GPUSaturationImageFilter.m */ = {isa = PBXFileReference; fileEncoding = 4; lastKnownFileType = sourcecode.c.objc; path = GPUSaturationImageFilter.m; sourceTree = "<group>"; };
		58F471A3180E5D7800C64E46 /* bottomEditorBg.png */ = {isa = PBXFileReference; lastKnownFileType = image.png; path = bottomEditorBg.png; sourceTree = "<group>"; };
		58F471A4180E5D7800C64E46 /* bottomEditorBg@2x.png */ = {isa = PBXFileReference; lastKnownFileType = image.png; path = "bottomEditorBg@2x.png"; sourceTree = "<group>"; };
		58F471B3180E74B000C64E46 /* UIDockButtonBack.h */ = {isa = PBXFileReference; fileEncoding = 4; lastKnownFileType = sourcecode.c.h; path = UIDockButtonBack.h; sourceTree = "<group>"; };
		58F471B4180E74B000C64E46 /* UIDockButtonBack.m */ = {isa = PBXFileReference; fileEncoding = 4; lastKnownFileType = sourcecode.c.objc; path = UIDockButtonBack.m; sourceTree = "<group>"; };
		58F471B6180E74ED00C64E46 /* UIDockButtonNext.h */ = {isa = PBXFileReference; fileEncoding = 4; lastKnownFileType = sourcecode.c.h; path = UIDockButtonNext.h; sourceTree = "<group>"; };
		58F471B7180E74ED00C64E46 /* UIDockButtonNext.m */ = {isa = PBXFileReference; fileEncoding = 4; lastKnownFileType = sourcecode.c.objc; path = UIDockButtonNext.m; sourceTree = "<group>"; };
		58F471BB180E7AFF00C64E46 /* icon_next.png */ = {isa = PBXFileReference; lastKnownFileType = image.png; path = icon_next.png; sourceTree = "<group>"; };
		58F471BC180E7AFF00C64E46 /* icon_next@2x.png */ = {isa = PBXFileReference; lastKnownFileType = image.png; path = "icon_next@2x.png"; sourceTree = "<group>"; };
		58F471BF180E7B0500C64E46 /* icon_back.png */ = {isa = PBXFileReference; lastKnownFileType = image.png; path = icon_back.png; sourceTree = "<group>"; };
		58F471C0180E7B0500C64E46 /* icon_back@2x.png */ = {isa = PBXFileReference; lastKnownFileType = image.png; path = "icon_back@2x.png"; sourceTree = "<group>"; };
		58F6FECF1827CA61003F49C6 /* GPUImageEffects.h */ = {isa = PBXFileReference; fileEncoding = 4; lastKnownFileType = sourcecode.c.h; path = GPUImageEffects.h; sourceTree = "<group>"; };
		58F6FED01827CA61003F49C6 /* GPUImageEffects.m */ = {isa = PBXFileReference; fileEncoding = 4; lastKnownFileType = sourcecode.c.objc; path = GPUImageEffects.m; sourceTree = "<group>"; };
		58F6FED21827CD8F003F49C6 /* GPUEffectSoftPop.h */ = {isa = PBXFileReference; fileEncoding = 4; lastKnownFileType = sourcecode.c.h; path = GPUEffectSoftPop.h; sourceTree = "<group>"; };
		58F6FED31827CD8F003F49C6 /* GPUEffectSoftPop.m */ = {isa = PBXFileReference; fileEncoding = 4; lastKnownFileType = sourcecode.c.objc; path = GPUEffectSoftPop.m; sourceTree = "<group>"; };
		58F6FED61827D40E003F49C6 /* GPUSoftPopCurve01.acv */ = {isa = PBXFileReference; lastKnownFileType = file; path = GPUSoftPopCurve01.acv; sourceTree = "<group>"; };
		58F7911B180D65E500968648 /* editor_bg-568h@2x.jpg */ = {isa = PBXFileReference; lastKnownFileType = image.jpeg; path = "editor_bg-568h@2x.jpg"; sourceTree = "<group>"; };
		58F7911C180D65E500968648 /* editor_bg.jpg */ = {isa = PBXFileReference; lastKnownFileType = image.jpeg; path = editor_bg.jpg; sourceTree = "<group>"; };
		58F7911D180D65E500968648 /* editor_bg@2x.jpg */ = {isa = PBXFileReference; lastKnownFileType = image.jpeg; path = "editor_bg@2x.jpg"; sourceTree = "<group>"; };
		58F79121180D696700968648 /* EditorViewController.h */ = {isa = PBXFileReference; fileEncoding = 4; lastKnownFileType = sourcecode.c.h; path = EditorViewController.h; sourceTree = "<group>"; };
		58F79122180D696700968648 /* EditorViewController.m */ = {isa = PBXFileReference; fileEncoding = 4; lastKnownFileType = sourcecode.c.objc; path = EditorViewController.m; sourceTree = "<group>"; };
		58F79124180D6CCB00968648 /* RootViewController.h */ = {isa = PBXFileReference; fileEncoding = 4; lastKnownFileType = sourcecode.c.h; path = RootViewController.h; sourceTree = "<group>"; };
		58F79125180D6CCB00968648 /* RootViewController.m */ = {isa = PBXFileReference; fileEncoding = 4; lastKnownFileType = sourcecode.c.objc; path = RootViewController.m; sourceTree = "<group>"; };
		58F9D7B7182670D900A811FD /* GPUImageGradientColorGenerator.h */ = {isa = PBXFileReference; fileEncoding = 4; lastKnownFileType = sourcecode.c.h; path = GPUImageGradientColorGenerator.h; sourceTree = "<group>"; };
		58F9D7B8182670D900A811FD /* GPUImageGradientColorGenerator.m */ = {isa = PBXFileReference; fileEncoding = 4; lastKnownFileType = sourcecode.c.objc; path = GPUImageGradientColorGenerator.m; sourceTree = "<group>"; };
		58F9FD68182330CB003D32F4 /* GPUEffectHaze3.h */ = {isa = PBXFileReference; fileEncoding = 4; lastKnownFileType = sourcecode.c.h; path = GPUEffectHaze3.h; sourceTree = "<group>"; };
		58F9FD69182330CB003D32F4 /* GPUEffectHaze3.m */ = {isa = PBXFileReference; fileEncoding = 4; lastKnownFileType = sourcecode.c.objc; path = GPUEffectHaze3.m; sourceTree = "<group>"; };
		58F9FD7118234F33003D32F4 /* GPUAutumn6Effect.h */ = {isa = PBXFileReference; fileEncoding = 4; lastKnownFileType = sourcecode.c.h; path = GPUAutumn6Effect.h; sourceTree = "<group>"; };
		58F9FD7218234F33003D32F4 /* GPUAutumn6Effect.m */ = {isa = PBXFileReference; fileEncoding = 4; lastKnownFileType = sourcecode.c.objc; path = GPUAutumn6Effect.m; sourceTree = "<group>"; };
		58F9FD7518235040003D32F4 /* GPUEffectColorfulCandy.h */ = {isa = PBXFileReference; fileEncoding = 4; lastKnownFileType = sourcecode.c.h; path = GPUEffectColorfulCandy.h; sourceTree = "<group>"; };
		58F9FD7618235040003D32F4 /* GPUEffectColorfulCandy.m */ = {isa = PBXFileReference; fileEncoding = 4; lastKnownFileType = sourcecode.c.objc; path = GPUEffectColorfulCandy.m; sourceTree = "<group>"; };
		58FA2E271813F3EC00DFB4FB /* UIScrollView+Gravy.h */ = {isa = PBXFileReference; fileEncoding = 4; lastKnownFileType = sourcecode.c.h; path = "UIScrollView+Gravy.h"; sourceTree = "<group>"; };
		58FA2E281813F3EC00DFB4FB /* UIScrollView+Gravy.m */ = {isa = PBXFileReference; fileEncoding = 4; lastKnownFileType = sourcecode.c.objc; path = "UIScrollView+Gravy.m"; sourceTree = "<group>"; };
		58FA7A70182604D200848AFD /* GPUImageChannelMixerFilter.h */ = {isa = PBXFileReference; fileEncoding = 4; lastKnownFileType = sourcecode.c.h; path = GPUImageChannelMixerFilter.h; sourceTree = "<group>"; };
		58FA7A71182604D200848AFD /* GPUImageChannelMixerFilter.m */ = {isa = PBXFileReference; fileEncoding = 4; lastKnownFileType = sourcecode.c.objc; path = GPUImageChannelMixerFilter.m; sourceTree = "<group>"; };
		58FA7A7418262B5500848AFD /* GPUCCCurve01.acv */ = {isa = PBXFileReference; lastKnownFileType = file; path = GPUCCCurve01.acv; sourceTree = "<group>"; };
		58FAB9C618115C4F00B95F02 /* UISliderView.h */ = {isa = PBXFileReference; fileEncoding = 4; lastKnownFileType = sourcecode.c.h; path = UISliderView.h; sourceTree = "<group>"; };
		58FAB9C718115C4F00B95F02 /* UISliderView.m */ = {isa = PBXFileReference; fileEncoding = 4; lastKnownFileType = sourcecode.c.objc; path = UISliderView.m; sourceTree = "<group>"; };
		58FAE693181FFBEA00C4FE15 /* bg.jpg */ = {isa = PBXFileReference; lastKnownFileType = image.jpeg; path = bg.jpg; sourceTree = "<group>"; };
		58FAE694181FFBEA00C4FE15 /* bg@2x.jpg */ = {isa = PBXFileReference; lastKnownFileType = image.jpeg; path = "bg@2x.jpg"; sourceTree = "<group>"; };
		58FBB3FF18155FB4001CFDC8 /* slider.png */ = {isa = PBXFileReference; lastKnownFileType = image.png; path = slider.png; sourceTree = "<group>"; };
		58FBB40018155FB4001CFDC8 /* slider@2x.png */ = {isa = PBXFileReference; lastKnownFileType = image.png; path = "slider@2x.png"; sourceTree = "<group>"; };
		58FBB40318155FE4001CFDC8 /* UIDockButtonSave.h */ = {isa = PBXFileReference; fileEncoding = 4; lastKnownFileType = sourcecode.c.h; path = UIDockButtonSave.h; sourceTree = "<group>"; };
		58FBB40418155FE4001CFDC8 /* UIDockButtonSave.m */ = {isa = PBXFileReference; fileEncoding = 4; lastKnownFileType = sourcecode.c.objc; path = UIDockButtonSave.m; sourceTree = "<group>"; };
		58FBB40618156410001CFDC8 /* icon_download.png */ = {isa = PBXFileReference; lastKnownFileType = image.png; path = icon_download.png; sourceTree = "<group>"; };
		58FBB40718156410001CFDC8 /* icon_download@2x.png */ = {isa = PBXFileReference; lastKnownFileType = image.png; path = "icon_download@2x.png"; sourceTree = "<group>"; };
		58FEFFD618101550008B4E8D /* UIFadeNavigationController.h */ = {isa = PBXFileReference; fileEncoding = 4; lastKnownFileType = sourcecode.c.h; path = UIFadeNavigationController.h; sourceTree = "<group>"; };
		58FEFFD718101550008B4E8D /* UIFadeNavigationController.m */ = {isa = PBXFileReference; fileEncoding = 4; lastKnownFileType = sourcecode.c.objc; path = UIFadeNavigationController.m; sourceTree = "<group>"; };
		58FEFFD918101C08008B4E8D /* CoreImage.framework */ = {isa = PBXFileReference; lastKnownFileType = wrapper.framework; name = CoreImage.framework; path = System/Library/Frameworks/CoreImage.framework; sourceTree = SDKROOT; };
		58FEFFDB18101D2C008B4E8D /* UIThumbnailView.h */ = {isa = PBXFileReference; fileEncoding = 4; lastKnownFileType = sourcecode.c.h; path = UIThumbnailView.h; sourceTree = "<group>"; };
		58FEFFDC18101D2C008B4E8D /* UIThumbnailView.m */ = {isa = PBXFileReference; fileEncoding = 4; lastKnownFileType = sourcecode.c.objc; path = UIThumbnailView.m; sourceTree = "<group>"; };
		58FEFFDE18101EB5008B4E8D /* UIDevice+Gravy.h */ = {isa = PBXFileReference; fileEncoding = 4; lastKnownFileType = sourcecode.c.h; path = "UIDevice+Gravy.h"; sourceTree = "<group>"; };
		58FEFFDF18101EB5008B4E8D /* UIDevice+Gravy.m */ = {isa = PBXFileReference; fileEncoding = 4; lastKnownFileType = sourcecode.c.objc; path = "UIDevice+Gravy.m"; sourceTree = "<group>"; };
/* End PBXFileReference section */

/* Begin PBXFrameworksBuildPhase section */
		5802E7B8180C0F1400AA2227 /* Frameworks */ = {
			isa = PBXFrameworksBuildPhase;
			buildActionMask = 2147483647;
			files = (
				58F3C430181C8AA800F7129D /* libGPUImage.a in Frameworks */,
				58F3C42F181C8A9C00F7129D /* QuartzCore.framework in Frameworks */,
				58F3C42D181C8A9200F7129D /* AVFoundation.framework in Frameworks */,
				58F3C42B181C8A8300F7129D /* OpenGLES.framework in Frameworks */,
				58F3C429181C8A7900F7129D /* CoreVideo.framework in Frameworks */,
				58F3C427181C8A7100F7129D /* CoreMedia.framework in Frameworks */,
				58FEFFDA18101C08008B4E8D /* CoreImage.framework in Frameworks */,
				5802E7C1180C0F1400AA2227 /* CoreGraphics.framework in Frameworks */,
				5802E7C3180C0F1400AA2227 /* UIKit.framework in Frameworks */,
				5802E7BF180C0F1400AA2227 /* Foundation.framework in Frameworks */,
			);
			runOnlyForDeploymentPostprocessing = 0;
		};
		5802E7D9180C0F1500AA2227 /* Frameworks */ = {
			isa = PBXFrameworksBuildPhase;
			buildActionMask = 2147483647;
			files = (
				5802E7DE180C0F1500AA2227 /* XCTest.framework in Frameworks */,
				5802E7E0180C0F1500AA2227 /* UIKit.framework in Frameworks */,
				5802E7DF180C0F1500AA2227 /* Foundation.framework in Frameworks */,
			);
			runOnlyForDeploymentPostprocessing = 0;
		};
/* End PBXFrameworksBuildPhase section */

/* Begin PBXGroup section */
		5800329E180D16DB0021F73C /* fonts */ = {
			isa = PBXGroup;
			children = (
				5800329F180D16FD0021F73C /* rounded-mplus-1p-bold.ttf */,
				580032A0180D16FD0021F73C /* rounded-mplus-1p-heavy.ttf */,
				580032A1180D16FD0021F73C /* rounded-mplus-1p-light.ttf */,
				580032A2180D16FD0021F73C /* rounded-mplus-1p-medium.ttf */,
				580032A3180D16FD0021F73C /* rounded-mplus-1p-regular.ttf */,
				580032A4180D16FD0021F73C /* rounded-mplus-1p-thin.ttf */,
			);
			name = fonts;
			sourceTree = "<group>";
		};
		580032B3180D27FB0021F73C /* buttons */ = {
			isa = PBXGroup;
			children = (
				580032B4180D28170021F73C /* UIDockButtonBase.h */,
				580032B5180D28170021F73C /* UIDockButtonBase.m */,
				580032B7180D28840021F73C /* UIDockButtonCamera.h */,
				580032B8180D28840021F73C /* UIDockButtonCamera.m */,
				580032BA180D2C1C0021F73C /* UIDockButtonPhotos.h */,
				580032BB180D2C1C0021F73C /* UIDockButtonPhotos.m */,
				58F471B3180E74B000C64E46 /* UIDockButtonBack.h */,
				58F471B4180E74B000C64E46 /* UIDockButtonBack.m */,
				58F471B6180E74ED00C64E46 /* UIDockButtonNext.h */,
				58F471B7180E74ED00C64E46 /* UIDockButtonNext.m */,
				58FBB40318155FE4001CFDC8 /* UIDockButtonSave.h */,
				58FBB40418155FE4001CFDC8 /* UIDockButtonSave.m */,
				580032C1180D34490021F73C /* UISettingsButton.h */,
				580032C2180D34490021F73C /* UISettingsButton.m */,
			);
			name = buttons;
			sourceTree = "<group>";
		};
		5802E7B2180C0F1400AA2227 = {
			isa = PBXGroup;
			children = (
				5802E7C4180C0F1400AA2227 /* Gravy_1.0 */,
				5802E7E3180C0F1500AA2227 /* Gravy_1.0Tests */,
				5802E7BD180C0F1400AA2227 /* Frameworks */,
				5802E7BC180C0F1400AA2227 /* Products */,
			);
			sourceTree = "<group>";
		};
		5802E7BC180C0F1400AA2227 /* Products */ = {
			isa = PBXGroup;
			children = (
				5802E7BB180C0F1400AA2227 /* Gravy_1.0.app */,
				5802E7DC180C0F1500AA2227 /* Gravy_1.0Tests.xctest */,
			);
			name = Products;
			sourceTree = "<group>";
		};
		5802E7BD180C0F1400AA2227 /* Frameworks */ = {
			isa = PBXGroup;
			children = (
				58F3C42E181C8A9C00F7129D /* QuartzCore.framework */,
				58F3C42C181C8A9200F7129D /* AVFoundation.framework */,
				58F3C42A181C8A8300F7129D /* OpenGLES.framework */,
				58F3C428181C8A7900F7129D /* CoreVideo.framework */,
				58F3C426181C8A7100F7129D /* CoreMedia.framework */,
				58F3C41C181C89FB00F7129D /* GPUImage.xcodeproj */,
				58FEFFD918101C08008B4E8D /* CoreImage.framework */,
				5802E7BE180C0F1400AA2227 /* Foundation.framework */,
				5802E7C0180C0F1400AA2227 /* CoreGraphics.framework */,
				5802E7C2180C0F1400AA2227 /* UIKit.framework */,
				5802E7DD180C0F1500AA2227 /* XCTest.framework */,
			);
			name = Frameworks;
			sourceTree = "<group>";
		};
		5802E7C4180C0F1400AA2227 /* Gravy_1.0 */ = {
			isa = PBXGroup;
			children = (
				58F02716181A8B1D00938725 /* Libraries */,
				58FEFFD518101535008B4E8D /* Subclasses */,
				5800329E180D16DB0021F73C /* fonts */,
				5802E822180C2E3E00AA2227 /* Categories */,
				5802E7F4180C0F8500AA2227 /* Default-568h@2x.png */,
				5802E7F5180C0F8500AA2227 /* Default.png */,
				5802E7F6180C0F8500AA2227 /* Default@2x.png */,
				5802E81B180C2A2F00AA2227 /* Images */,
				5802E7F3180C0F5900AA2227 /* Icons */,
				5802E7CD180C0F1400AA2227 /* AppDelegate.h */,
				5802E7CE180C0F1400AA2227 /* AppDelegate.m */,
				5802E7D0180C0F1400AA2227 /* Main.storyboard */,
				5802E7D6180C0F1400AA2227 /* Images.xcassets */,
				5802E81A180C278B00AA2227 /* Views */,
				58F3C431181C8E7A00F7129D /* GPUImageFilters */,
				58FABDE81824A58A00CAC8A7 /* GPUImageLayer */,
				58832B8E182282AA003E0DDB /* GPUImageEffects */,
				5802E819180C24DF00AA2227 /* ViewControllers */,
				5802E7C5180C0F1400AA2227 /* Supporting Files */,
			);
			path = Gravy_1.0;
			sourceTree = "<group>";
		};
		5802E7C5180C0F1400AA2227 /* Supporting Files */ = {
			isa = PBXGroup;
			children = (
				5802E7C6180C0F1400AA2227 /* Gravy_1.0-Info.plist */,
				5802E7C7180C0F1400AA2227 /* InfoPlist.strings */,
				5802E7CA180C0F1400AA2227 /* main.m */,
				5802E7CC180C0F1400AA2227 /* Gravy_1.0-Prefix.pch */,
				5802E816180C22F900AA2227 /* Localizable.strings */,
			);
			name = "Supporting Files";
			sourceTree = "<group>";
		};
		5802E7E3180C0F1500AA2227 /* Gravy_1.0Tests */ = {
			isa = PBXGroup;
			children = (
				5802E7E9180C0F1500AA2227 /* Gravy_1_0Tests.m */,
				5802E7E4180C0F1500AA2227 /* Supporting Files */,
			);
			path = Gravy_1.0Tests;
			sourceTree = "<group>";
		};
		5802E7E4180C0F1500AA2227 /* Supporting Files */ = {
			isa = PBXGroup;
			children = (
				5802E7E5180C0F1500AA2227 /* Gravy_1.0Tests-Info.plist */,
				5802E7E6180C0F1500AA2227 /* InfoPlist.strings */,
			);
			name = "Supporting Files";
			sourceTree = "<group>";
		};
		5802E7F3180C0F5900AA2227 /* Icons */ = {
			isa = PBXGroup;
			children = (
				58EEE5E71820D740008C4B2A /* icon-29.png */,
				58EEE5E81820D740008C4B2A /* icon-40.png */,
				58EEE5E91820D740008C4B2A /* icon-50.png */,
				58EEE5EA1820D740008C4B2A /* icon-57.png */,
				58EEE5EB1820D740008C4B2A /* icon-58.png */,
				58EEE5EC1820D740008C4B2A /* icon-72.png */,
				58EEE5ED1820D740008C4B2A /* icon-76.png */,
				58EEE5EE1820D740008C4B2A /* icon-80.png */,
				58EEE5EF1820D740008C4B2A /* icon-100.png */,
				58EEE5F01820D740008C4B2A /* icon-114.png */,
				58EEE5F11820D740008C4B2A /* icon-120.png */,
				58EEE5F21820D740008C4B2A /* icon-144.png */,
				58EEE5F31820D740008C4B2A /* icon-152.png */,
			);
			name = Icons;
			sourceTree = "<group>";
		};
		5802E819180C24DF00AA2227 /* ViewControllers */ = {
			isa = PBXGroup;
			children = (
				5802E7D3180C0F1400AA2227 /* TopViewController.h */,
				5802E7D4180C0F1400AA2227 /* TopViewController.m */,
				58F79121180D696700968648 /* EditorViewController.h */,
				58F79122180D696700968648 /* EditorViewController.m */,
				58F79124180D6CCB00968648 /* RootViewController.h */,
				58F79125180D6CCB00968648 /* RootViewController.m */,
			);
			name = ViewControllers;
			sourceTree = "<group>";
		};
		5802E81A180C278B00AA2227 /* Views */ = {
			isa = PBXGroup;
			children = (
				5809B4FC180EB8EB007670D1 /* Editor */,
				580032B3180D27FB0021F73C /* buttons */,
				58003294180D10B10021F73C /* UIDockView.h */,
				58003295180D10B10021F73C /* UIDockView.m */,
			);
			name = Views;
			sourceTree = "<group>";
		};
		5802E81B180C2A2F00AA2227 /* Images */ = {
			isa = PBXGroup;
			children = (
				58FAE693181FFBEA00C4FE15 /* bg.jpg */,
				58FAE694181FFBEA00C4FE15 /* bg@2x.jpg */,
				58E9C5F2181FD57800BBDA5A /* bg-568h@2x.jpg */,
				58FBB40618156410001CFDC8 /* icon_download.png */,
				58FBB40718156410001CFDC8 /* icon_download@2x.png */,
				58FBB3FF18155FB4001CFDC8 /* slider.png */,
				58FBB40018155FB4001CFDC8 /* slider@2x.png */,
				58F471BF180E7B0500C64E46 /* icon_back.png */,
				58F471C0180E7B0500C64E46 /* icon_back@2x.png */,
				58F471BB180E7AFF00C64E46 /* icon_next.png */,
				58F471BC180E7AFF00C64E46 /* icon_next@2x.png */,
				58F471A3180E5D7800C64E46 /* bottomEditorBg.png */,
				58F471A4180E5D7800C64E46 /* bottomEditorBg@2x.png */,
				580032BD180D34310021F73C /* icon_settings.png */,
				580032BE180D34310021F73C /* icon_settings@2x.png */,
				580032AB180D275F0021F73C /* icon_camera.png */,
				580032AC180D275F0021F73C /* icon_camera@2x.png */,
				580032AD180D275F0021F73C /* icon_photos.png */,
				580032AE180D275F0021F73C /* icon_photos@2x.png */,
				5800329A180D134D0021F73C /* bottomBg.png */,
				5800329B180D134D0021F73C /* bottomBg@2x.png */,
				58F7911B180D65E500968648 /* editor_bg-568h@2x.jpg */,
				58F7911C180D65E500968648 /* editor_bg.jpg */,
				58F7911D180D65E500968648 /* editor_bg@2x.jpg */,
			);
			name = Images;
			sourceTree = "<group>";
		};
		5802E822180C2E3E00AA2227 /* Categories */ = {
			isa = PBXGroup;
			children = (
				58FEFFDE18101EB5008B4E8D /* UIDevice+Gravy.h */,
				58FEFFDF18101EB5008B4E8D /* UIDevice+Gravy.m */,
				5802E823180C2E5E00AA2227 /* UIScreen+Gravy.h */,
				5802E824180C2E5E00AA2227 /* UIScreen+Gravy.m */,
				58003297180D10CE0021F73C /* UIView+Gravy.h */,
				58003298180D10CE0021F73C /* UIView+Gravy.m */,
				58FA2E271813F3EC00DFB4FB /* UIScrollView+Gravy.h */,
				58FA2E281813F3EC00DFB4FB /* UIScrollView+Gravy.m */,
			);
			name = Categories;
			sourceTree = "<group>";
		};
		5809B4FC180EB8EB007670D1 /* Editor */ = {
			isa = PBXGroup;
			children = (
				5809B4FD180EB902007670D1 /* UIWrapperView.h */,
				5809B4FE180EB902007670D1 /* UIWrapperView.m */,
				5809B501180EBAD2007670D1 /* UIEditorTitleLabel.h */,
				5809B502180EBAD2007670D1 /* UIEditorTitleLabel.m */,
				58FEFFDB18101D2C008B4E8D /* UIThumbnailView.h */,
				58FEFFDC18101D2C008B4E8D /* UIThumbnailView.m */,
				58FAB9C618115C4F00B95F02 /* UISliderView.h */,
				58FAB9C718115C4F00B95F02 /* UISliderView.m */,
			);
			name = Editor;
			sourceTree = "<group>";
		};
		58832B8E182282AA003E0DDB /* GPUImageEffects */ = {
			isa = PBXGroup;
			children = (
				58F6FECF1827CA61003F49C6 /* GPUImageEffects.h */,
				58F6FED01827CA61003F49C6 /* GPUImageEffects.m */,
				58F6FECE1827CA33003F49C6 /* SoftPop */,
				58F9FD7418235027003D32F4 /* ColorfulCandy */,
				58F9FD7018234E5F003D32F4 /* Autumn6 */,
				58F9FD6E18233572003D32F4 /* Haze3 */,
			);
			name = GPUImageEffects;
			sourceTree = "<group>";
		};
		58F02716181A8B1D00938725 /* Libraries */ = {
			isa = PBXGroup;
			children = (
				58F02717181A8B5700938725 /* SVProgressHUD */,
			);
			name = Libraries;
			sourceTree = "<group>";
		};
		58F02717181A8B5700938725 /* SVProgressHUD */ = {
			isa = PBXGroup;
			children = (
				58F02718181A8B6600938725 /* SVProgressHUD.bundle */,
				58F02719181A8B6600938725 /* SVProgressHUD.h */,
				58F0271A181A8B6600938725 /* SVProgressHUD.m */,
			);
			name = SVProgressHUD;
			sourceTree = "<group>";
		};
		58F14A4B182BB460009DA863 /* Selective Color */ = {
			isa = PBXGroup;
			children = (
				58F14A4F182BB484009DA863 /* GPUImageSelectiveColorFilter.h */,
				58F14A50182BB484009DA863 /* GPUImageSelectiveColorFilter.m */,
			);
			name = "Selective Color";
			sourceTree = "<group>";
		};
		58F3C41D181C89FB00F7129D /* Products */ = {
			isa = PBXGroup;
			children = (
				58F3C423181C89FC00F7129D /* libGPUImage.a */,
				58F3C425181C89FC00F7129D /* GPUImageTests.octest */,
			);
			name = Products;
			sourceTree = "<group>";
		};
		58F3C431181C8E7A00F7129D /* GPUImageFilters */ = {
			isa = PBXGroup;
			children = (
				58F3C432181C8EB700F7129D /* GPUWhitebalanceImageFilter.h */,
				58F3C433181C8EB700F7129D /* GPUWhitebalanceImageFilter.m */,
				58F3C437181CA13C00F7129D /* GPULevelsImageFilter.h */,
				58F3C438181CA13C00F7129D /* GPULevelsImageFilter.m */,
				58F3C43D181CC55200F7129D /* GPUSaturationImageFilter.h */,
				58F3C43E181CC55200F7129D /* GPUSaturationImageFilter.m */,
			);
			name = GPUImageFilters;
			sourceTree = "<group>";
		};
		58F6FECE1827CA33003F49C6 /* SoftPop */ = {
			isa = PBXGroup;
			children = (
				58F6FED51827D3F8003F49C6 /* Curves */,
				58F6FED21827CD8F003F49C6 /* GPUEffectSoftPop.h */,
				58F6FED31827CD8F003F49C6 /* GPUEffectSoftPop.m */,
			);
			name = SoftPop;
			sourceTree = "<group>";
		};
		58F6FED51827D3F8003F49C6 /* Curves */ = {
			isa = PBXGroup;
			children = (
				58F6FED61827D40E003F49C6 /* GPUSoftPopCurve01.acv */,
			);
			name = Curves;
			sourceTree = "<group>";
		};
		58F9FD6E18233572003D32F4 /* Haze3 */ = {
			isa = PBXGroup;
			children = (
				58F9FD68182330CB003D32F4 /* GPUEffectHaze3.h */,
				58F9FD69182330CB003D32F4 /* GPUEffectHaze3.m */,
			);
			name = Haze3;
			sourceTree = "<group>";
		};
		58F9FD7018234E5F003D32F4 /* Autumn6 */ = {
			isa = PBXGroup;
			children = (
				58F9FD7118234F33003D32F4 /* GPUAutumn6Effect.h */,
				58F9FD7218234F33003D32F4 /* GPUAutumn6Effect.m */,
			);
			name = Autumn6;
			sourceTree = "<group>";
		};
		58F9FD7418235027003D32F4 /* ColorfulCandy */ = {
			isa = PBXGroup;
			children = (
				58FA7A7318262B3F00848AFD /* Curves */,
				58F9FD7518235040003D32F4 /* GPUEffectColorfulCandy.h */,
				58F9FD7618235040003D32F4 /* GPUEffectColorfulCandy.m */,
			);
			name = ColorfulCandy;
			sourceTree = "<group>";
		};
		58FA7A6B182604AF00848AFD /* Channnel Mixer */ = {
			isa = PBXGroup;
			children = (
				58FA7A70182604D200848AFD /* GPUImageChannelMixerFilter.h */,
				58FA7A71182604D200848AFD /* GPUImageChannelMixerFilter.m */,
			);
			name = "Channnel Mixer";
			sourceTree = "<group>";
		};
		58FA7A7318262B3F00848AFD /* Curves */ = {
			isa = PBXGroup;
			children = (
				58FA7A7418262B5500848AFD /* GPUCCCurve01.acv */,
			);
			name = Curves;
			sourceTree = "<group>";
		};
		58FABDE81824A58A00CAC8A7 /* GPUImageLayer */ = {
			isa = PBXGroup;
			children = (
				58F14A4B182BB460009DA863 /* Selective Color */,
				58FA7A6B182604AF00848AFD /* Channnel Mixer */,
				58FABDEC1824C20400CAC8A7 /* Gradient */,
			);
			name = GPUImageLayer;
			sourceTree = "<group>";
		};
		58FABDEC1824C20400CAC8A7 /* Gradient */ = {
			isa = PBXGroup;
			children = (
				58F9D7B7182670D900A811FD /* GPUImageGradientColorGenerator.h */,
				58F9D7B8182670D900A811FD /* GPUImageGradientColorGenerator.m */,
			);
			name = Gradient;
			sourceTree = "<group>";
		};
		58FEFFD518101535008B4E8D /* Subclasses */ = {
			isa = PBXGroup;
			children = (
				58FEFFD618101550008B4E8D /* UIFadeNavigationController.h */,
				58FEFFD718101550008B4E8D /* UIFadeNavigationController.m */,
			);
			name = Subclasses;
			sourceTree = "<group>";
		};
/* End PBXGroup section */

/* Begin PBXNativeTarget section */
		5802E7BA180C0F1400AA2227 /* Gravy_1.0 */ = {
			isa = PBXNativeTarget;
			buildConfigurationList = 5802E7ED180C0F1500AA2227 /* Build configuration list for PBXNativeTarget "Gravy_1.0" */;
			buildPhases = (
				5802E7B7180C0F1400AA2227 /* Sources */,
				5802E7B8180C0F1400AA2227 /* Frameworks */,
				5802E7B9180C0F1400AA2227 /* Resources */,
			);
			buildRules = (
			);
			dependencies = (
			);
			name = Gravy_1.0;
			productName = Gravy_1.0;
			productReference = 5802E7BB180C0F1400AA2227 /* Gravy_1.0.app */;
			productType = "com.apple.product-type.application";
		};
		5802E7DB180C0F1500AA2227 /* Gravy_1.0Tests */ = {
			isa = PBXNativeTarget;
			buildConfigurationList = 5802E7F0180C0F1500AA2227 /* Build configuration list for PBXNativeTarget "Gravy_1.0Tests" */;
			buildPhases = (
				5802E7D8180C0F1500AA2227 /* Sources */,
				5802E7D9180C0F1500AA2227 /* Frameworks */,
				5802E7DA180C0F1500AA2227 /* Resources */,
			);
			buildRules = (
			);
			dependencies = (
				5802E7E2180C0F1500AA2227 /* PBXTargetDependency */,
			);
			name = Gravy_1.0Tests;
			productName = Gravy_1.0Tests;
			productReference = 5802E7DC180C0F1500AA2227 /* Gravy_1.0Tests.xctest */;
			productType = "com.apple.product-type.bundle.unit-test";
		};
/* End PBXNativeTarget section */

/* Begin PBXProject section */
		5802E7B3180C0F1400AA2227 /* Project object */ = {
			isa = PBXProject;
			attributes = {
				LastUpgradeCheck = 0500;
				ORGANIZATIONNAME = SSC;
				TargetAttributes = {
					5802E7DB180C0F1500AA2227 = {
						TestTargetID = 5802E7BA180C0F1400AA2227;
					};
				};
			};
			buildConfigurationList = 5802E7B6180C0F1400AA2227 /* Build configuration list for PBXProject "Gravy_1.0" */;
			compatibilityVersion = "Xcode 3.2";
			developmentRegion = English;
			hasScannedForEncodings = 0;
			knownRegions = (
				en,
				Base,
				ja,
			);
			mainGroup = 5802E7B2180C0F1400AA2227;
			productRefGroup = 5802E7BC180C0F1400AA2227 /* Products */;
			projectDirPath = "";
			projectReferences = (
				{
					ProductGroup = 58F3C41D181C89FB00F7129D /* Products */;
					ProjectRef = 58F3C41C181C89FB00F7129D /* GPUImage.xcodeproj */;
				},
			);
			projectRoot = "";
			targets = (
				5802E7BA180C0F1400AA2227 /* Gravy_1.0 */,
				5802E7DB180C0F1500AA2227 /* Gravy_1.0Tests */,
			);
		};
/* End PBXProject section */

/* Begin PBXReferenceProxy section */
		58F3C423181C89FC00F7129D /* libGPUImage.a */ = {
			isa = PBXReferenceProxy;
			fileType = archive.ar;
			path = libGPUImage.a;
			remoteRef = 58F3C422181C89FC00F7129D /* PBXContainerItemProxy */;
			sourceTree = BUILT_PRODUCTS_DIR;
		};
		58F3C425181C89FC00F7129D /* GPUImageTests.octest */ = {
			isa = PBXReferenceProxy;
			fileType = wrapper.cfbundle;
			path = GPUImageTests.octest;
			remoteRef = 58F3C424181C89FC00F7129D /* PBXContainerItemProxy */;
			sourceTree = BUILT_PRODUCTS_DIR;
		};
/* End PBXReferenceProxy section */

/* Begin PBXResourcesBuildPhase section */
		5802E7B9180C0F1400AA2227 /* Resources */ = {
			isa = PBXResourcesBuildPhase;
			buildActionMask = 2147483647;
			files = (
				58FA7A75182631F400848AFD /* GPUCCCurve01.acv in Resources */,
				5802E814180C22F900AA2227 /* Localizable.strings in Resources */,
				5802E7F9180C0F8500AA2227 /* Default@2x.png in Resources */,
				58EEE5F41820D740008C4B2A /* icon-29.png in Resources */,
				58F471A5180E5D7800C64E46 /* bottomEditorBg.png in Resources */,
				58F7911F180D65E500968648 /* editor_bg.jpg in Resources */,
				58F79120180D65E500968648 /* editor_bg@2x.jpg in Resources */,
				580032B0180D275F0021F73C /* icon_camera@2x.png in Resources */,
				5800329D180D134D0021F73C /* bottomBg@2x.png in Resources */,
				58EEE5F51820D740008C4B2A /* icon-40.png in Resources */,
				58FAE696181FFBEA00C4FE15 /* bg@2x.jpg in Resources */,
				5802E7D7180C0F1400AA2227 /* Images.xcassets in Resources */,
				58EEE5FD1820D740008C4B2A /* icon-114.png in Resources */,
				580032A8180D16FD0021F73C /* rounded-mplus-1p-medium.ttf in Resources */,
				58F7911E180D65E500968648 /* editor_bg-568h@2x.jpg in Resources */,
				58F471A6180E5D7800C64E46 /* bottomEditorBg@2x.png in Resources */,
				58EEE5F71820D740008C4B2A /* icon-57.png in Resources */,
				580032BF180D34310021F73C /* icon_settings.png in Resources */,
				580032B1180D275F0021F73C /* icon_photos.png in Resources */,
				58EEE5F81820D740008C4B2A /* icon-58.png in Resources */,
				5802E7F7180C0F8500AA2227 /* Default-568h@2x.png in Resources */,
				58F471BE180E7AFF00C64E46 /* icon_next@2x.png in Resources */,
				58FAE695181FFBEA00C4FE15 /* bg.jpg in Resources */,
				580032A5180D16FD0021F73C /* rounded-mplus-1p-bold.ttf in Resources */,
				58E9C5F5181FD57800BBDA5A /* bg-568h@2x.jpg in Resources */,
				58EEE5FC1820D740008C4B2A /* icon-100.png in Resources */,
				58EEE5F61820D740008C4B2A /* icon-50.png in Resources */,
				58F471C1180E7B0500C64E46 /* icon_back.png in Resources */,
				58EEE5F91820D740008C4B2A /* icon-72.png in Resources */,
				58EEE5FA1820D740008C4B2A /* icon-76.png in Resources */,
				58EEE5FE1820D740008C4B2A /* icon-120.png in Resources */,
				58FBB40818156410001CFDC8 /* icon_download.png in Resources */,
				5800329C180D134D0021F73C /* bottomBg.png in Resources */,
				580032A6180D16FD0021F73C /* rounded-mplus-1p-heavy.ttf in Resources */,
				58FBB40218155FB4001CFDC8 /* slider@2x.png in Resources */,
				58EEE5FF1820D740008C4B2A /* icon-144.png in Resources */,
				58EEE6001820D740008C4B2A /* icon-152.png in Resources */,
				5802E7C9180C0F1400AA2227 /* InfoPlist.strings in Resources */,
				580032B2180D275F0021F73C /* icon_photos@2x.png in Resources */,
				580032A9180D16FD0021F73C /* rounded-mplus-1p-regular.ttf in Resources */,
				58F471C2180E7B0500C64E46 /* icon_back@2x.png in Resources */,
				5802E7D2180C0F1400AA2227 /* Main.storyboard in Resources */,
				58EEE5FB1820D740008C4B2A /* icon-80.png in Resources */,
				5802E7F8180C0F8500AA2227 /* Default.png in Resources */,
				580032AF180D275F0021F73C /* icon_camera.png in Resources */,
				58FBB40118155FB4001CFDC8 /* slider.png in Resources */,
				580032AA180D16FD0021F73C /* rounded-mplus-1p-thin.ttf in Resources */,
				58F0271B181A8B6600938725 /* SVProgressHUD.bundle in Resources */,
				580032C0180D34310021F73C /* icon_settings@2x.png in Resources */,
				580032A7180D16FD0021F73C /* rounded-mplus-1p-light.ttf in Resources */,
				58FBB40918156410001CFDC8 /* icon_download@2x.png in Resources */,
				58F6FED71827D40E003F49C6 /* GPUSoftPopCurve01.acv in Resources */,
				58F471BD180E7AFF00C64E46 /* icon_next.png in Resources */,
			);
			runOnlyForDeploymentPostprocessing = 0;
		};
		5802E7DA180C0F1500AA2227 /* Resources */ = {
			isa = PBXResourcesBuildPhase;
			buildActionMask = 2147483647;
			files = (
				5802E7E8180C0F1500AA2227 /* InfoPlist.strings in Resources */,
			);
			runOnlyForDeploymentPostprocessing = 0;
		};
/* End PBXResourcesBuildPhase section */

/* Begin PBXSourcesBuildPhase section */
		5802E7B7180C0F1400AA2227 /* Sources */ = {
			isa = PBXSourcesBuildPhase;
			buildActionMask = 2147483647;
			files = (
				5802E7D5180C0F1400AA2227 /* TopViewController.m in Sources */,
				5809B4FF180EB902007670D1 /* UIWrapperView.m in Sources */,
				58FEFFD818101550008B4E8D /* UIFadeNavigationController.m in Sources */,
				58F9FD7718235040003D32F4 /* GPUEffectColorfulCandy.m in Sources */,
				58FEFFE018101EB5008B4E8D /* UIDevice+Gravy.m in Sources */,
				58F6FED41827CD8F003F49C6 /* GPUEffectSoftPop.m in Sources */,
				5802E825180C2E5E00AA2227 /* UIScreen+Gravy.m in Sources */,
				58FA7A72182604D200848AFD /* GPUImageChannelMixerFilter.m in Sources */,
				58F79126180D6CCB00968648 /* RootViewController.m in Sources */,
				5802E7CF180C0F1400AA2227 /* AppDelegate.m in Sources */,
				58F79123180D696700968648 /* EditorViewController.m in Sources */,
				5809B503180EBAD2007670D1 /* UIEditorTitleLabel.m in Sources */,
				580032B9180D28840021F73C /* UIDockButtonCamera.m in Sources */,
				58F9FD7318234F33003D32F4 /* GPUAutumn6Effect.m in Sources */,
				58F0271C181A8B6600938725 /* SVProgressHUD.m in Sources */,
				58F9D7B9182670D900A811FD /* GPUImageGradientColorGenerator.m in Sources */,
				58F3C439181CA13C00F7129D /* GPULevelsImageFilter.m in Sources */,
				580032C3180D34490021F73C /* UISettingsButton.m in Sources */,
				58FBB40518155FE4001CFDC8 /* UIDockButtonSave.m in Sources */,
				5802E7CB180C0F1400AA2227 /* main.m in Sources */,
				580032B6180D28170021F73C /* UIDockButtonBase.m in Sources */,
				58003299180D10CE0021F73C /* UIView+Gravy.m in Sources */,
				58FAB9C818115C4F00B95F02 /* UISliderView.m in Sources */,
				58003296180D10B10021F73C /* UIDockView.m in Sources */,
				58FA2E291813F3EC00DFB4FB /* UIScrollView+Gravy.m in Sources */,
				580032BC180D2C1C0021F73C /* UIDockButtonPhotos.m in Sources */,
				58F471B5180E74B000C64E46 /* UIDockButtonBack.m in Sources */,
				58F471B8180E74ED00C64E46 /* UIDockButtonNext.m in Sources */,
				58F6FED11827CA61003F49C6 /* GPUImageEffects.m in Sources */,
				58F14A51182BB484009DA863 /* GPUImageSelectiveColorFilter.m in Sources */,
				58FEFFDD18101D2C008B4E8D /* UIThumbnailView.m in Sources */,
				58F9FD6A182330CB003D32F4 /* GPUEffectHaze3.m in Sources */,
				58F3C43F181CC55200F7129D /* GPUSaturationImageFilter.m in Sources */,
				58F3C434181C8EB700F7129D /* GPUWhitebalanceImageFilter.m in Sources */,
			);
			runOnlyForDeploymentPostprocessing = 0;
		};
		5802E7D8180C0F1500AA2227 /* Sources */ = {
			isa = PBXSourcesBuildPhase;
			buildActionMask = 2147483647;
			files = (
				5802E7EA180C0F1500AA2227 /* Gravy_1_0Tests.m in Sources */,
			);
			runOnlyForDeploymentPostprocessing = 0;
		};
/* End PBXSourcesBuildPhase section */

/* Begin PBXTargetDependency section */
		5802E7E2180C0F1500AA2227 /* PBXTargetDependency */ = {
			isa = PBXTargetDependency;
			target = 5802E7BA180C0F1400AA2227 /* Gravy_1.0 */;
			targetProxy = 5802E7E1180C0F1500AA2227 /* PBXContainerItemProxy */;
		};
/* End PBXTargetDependency section */

/* Begin PBXVariantGroup section */
		5802E7C7180C0F1400AA2227 /* InfoPlist.strings */ = {
			isa = PBXVariantGroup;
			children = (
				5802E7C8180C0F1400AA2227 /* en */,
				5802E810180C218600AA2227 /* ja */,
			);
			name = InfoPlist.strings;
			sourceTree = "<group>";
		};
		5802E7D0180C0F1400AA2227 /* Main.storyboard */ = {
			isa = PBXVariantGroup;
			children = (
				5802E80E180C112700AA2227 /* en */,
				5802E80F180C218600AA2227 /* ja */,
			);
			name = Main.storyboard;
			sourceTree = "<group>";
		};
		5802E7E6180C0F1500AA2227 /* InfoPlist.strings */ = {
			isa = PBXVariantGroup;
			children = (
				5802E7E7180C0F1500AA2227 /* en */,
				5802E811180C218600AA2227 /* ja */,
			);
			name = InfoPlist.strings;
			sourceTree = "<group>";
		};
		5802E816180C22F900AA2227 /* Localizable.strings */ = {
			isa = PBXVariantGroup;
			children = (
				5802E817180C22FF00AA2227 /* en */,
				5802E818180C230000AA2227 /* ja */,
			);
			name = Localizable.strings;
			sourceTree = "<group>";
		};
/* End PBXVariantGroup section */

/* Begin XCBuildConfiguration section */
		5802E7EB180C0F1500AA2227 /* Debug */ = {
			isa = XCBuildConfiguration;
			buildSettings = {
				ALWAYS_SEARCH_USER_PATHS = NO;
				ARCHS = "$(ARCHS_STANDARD_INCLUDING_64_BIT)";
				CLANG_CXX_LANGUAGE_STANDARD = "gnu++0x";
				CLANG_CXX_LIBRARY = "libc++";
				CLANG_ENABLE_MODULES = YES;
				CLANG_ENABLE_OBJC_ARC = YES;
				CLANG_WARN_BOOL_CONVERSION = YES;
				CLANG_WARN_CONSTANT_CONVERSION = YES;
				CLANG_WARN_DIRECT_OBJC_ISA_USAGE = YES_ERROR;
				CLANG_WARN_EMPTY_BODY = YES;
				CLANG_WARN_ENUM_CONVERSION = YES;
				CLANG_WARN_INT_CONVERSION = YES;
				CLANG_WARN_OBJC_ROOT_CLASS = YES_ERROR;
				CLANG_WARN__DUPLICATE_METHOD_MATCH = YES;
				"CODE_SIGN_IDENTITY[sdk=iphoneos*]" = "iPhone Developer";
				COPY_PHASE_STRIP = NO;
				GCC_C_LANGUAGE_STANDARD = gnu99;
				GCC_DYNAMIC_NO_PIC = NO;
				GCC_OPTIMIZATION_LEVEL = 0;
				GCC_PREPROCESSOR_DEFINITIONS = (
					"DEBUG=1",
					"$(inherited)",
				);
				GCC_SYMBOLS_PRIVATE_EXTERN = NO;
				GCC_WARN_64_TO_32_BIT_CONVERSION = YES;
				GCC_WARN_ABOUT_RETURN_TYPE = YES_ERROR;
				GCC_WARN_UNDECLARED_SELECTOR = YES;
				GCC_WARN_UNINITIALIZED_AUTOS = YES;
				GCC_WARN_UNUSED_FUNCTION = YES;
				GCC_WARN_UNUSED_VARIABLE = YES;
				IPHONEOS_DEPLOYMENT_TARGET = 7.0;
				ONLY_ACTIVE_ARCH = YES;
				SDKROOT = iphoneos;
			};
			name = Debug;
		};
		5802E7EC180C0F1500AA2227 /* Release */ = {
			isa = XCBuildConfiguration;
			buildSettings = {
				ALWAYS_SEARCH_USER_PATHS = NO;
				ARCHS = "$(ARCHS_STANDARD_INCLUDING_64_BIT)";
				CLANG_CXX_LANGUAGE_STANDARD = "gnu++0x";
				CLANG_CXX_LIBRARY = "libc++";
				CLANG_ENABLE_MODULES = YES;
				CLANG_ENABLE_OBJC_ARC = YES;
				CLANG_WARN_BOOL_CONVERSION = YES;
				CLANG_WARN_CONSTANT_CONVERSION = YES;
				CLANG_WARN_DIRECT_OBJC_ISA_USAGE = YES_ERROR;
				CLANG_WARN_EMPTY_BODY = YES;
				CLANG_WARN_ENUM_CONVERSION = YES;
				CLANG_WARN_INT_CONVERSION = YES;
				CLANG_WARN_OBJC_ROOT_CLASS = YES_ERROR;
				CLANG_WARN__DUPLICATE_METHOD_MATCH = YES;
				"CODE_SIGN_IDENTITY[sdk=iphoneos*]" = "iPhone Developer";
				COPY_PHASE_STRIP = YES;
				ENABLE_NS_ASSERTIONS = NO;
				GCC_C_LANGUAGE_STANDARD = gnu99;
				GCC_WARN_64_TO_32_BIT_CONVERSION = YES;
				GCC_WARN_ABOUT_RETURN_TYPE = YES_ERROR;
				GCC_WARN_UNDECLARED_SELECTOR = YES;
				GCC_WARN_UNINITIALIZED_AUTOS = YES;
				GCC_WARN_UNUSED_FUNCTION = YES;
				GCC_WARN_UNUSED_VARIABLE = YES;
				IPHONEOS_DEPLOYMENT_TARGET = 7.0;
				SDKROOT = iphoneos;
				VALIDATE_PRODUCT = YES;
			};
			name = Release;
		};
		5802E7EE180C0F1500AA2227 /* Debug */ = {
			isa = XCBuildConfiguration;
			buildSettings = {
				ARCHS = "$(ARCHS_STANDARD)";
				ASSETCATALOG_COMPILER_APPICON_NAME = AppIcon;
				ASSETCATALOG_COMPILER_LAUNCHIMAGE_NAME = LaunchImage;
				GCC_PRECOMPILE_PREFIX_HEADER = YES;
				GCC_PREFIX_HEADER = "Gravy_1.0/Gravy_1.0-Prefix.pch";
				HEADER_SEARCH_PATHS = (
					"$(inherited)",
					/Applications/Xcode.app/Contents/Developer/Toolchains/XcodeDefault.xctoolchain/usr/include,
				);
				INFOPLIST_FILE = "Gravy_1.0/Gravy_1.0-Info.plist";
				IPHONEOS_DEPLOYMENT_TARGET = 5.1;
				OTHER_LDFLAGS = "-ObjC";
				PRODUCT_NAME = "$(TARGET_NAME)";
				USER_HEADER_SEARCH_PATHS = "./GPUImage/framework/Source/**";
				WRAPPER_EXTENSION = app;
			};
			name = Debug;
		};
		5802E7EF180C0F1500AA2227 /* Release */ = {
			isa = XCBuildConfiguration;
			buildSettings = {
				ARCHS = "$(ARCHS_STANDARD)";
				ASSETCATALOG_COMPILER_APPICON_NAME = AppIcon;
				ASSETCATALOG_COMPILER_LAUNCHIMAGE_NAME = LaunchImage;
				GCC_PRECOMPILE_PREFIX_HEADER = YES;
				GCC_PREFIX_HEADER = "Gravy_1.0/Gravy_1.0-Prefix.pch";
				HEADER_SEARCH_PATHS = (
					"$(inherited)",
					/Applications/Xcode.app/Contents/Developer/Toolchains/XcodeDefault.xctoolchain/usr/include,
				);
				INFOPLIST_FILE = "Gravy_1.0/Gravy_1.0-Info.plist";
				IPHONEOS_DEPLOYMENT_TARGET = 5.1;
				OTHER_LDFLAGS = "-ObjC";
				PRODUCT_NAME = "$(TARGET_NAME)";
				USER_HEADER_SEARCH_PATHS = "./GPUImage/framework/Source/**";
				WRAPPER_EXTENSION = app;
			};
			name = Release;
		};
		5802E7F1180C0F1500AA2227 /* Debug */ = {
			isa = XCBuildConfiguration;
			buildSettings = {
				ARCHS = "$(ARCHS_STANDARD_INCLUDING_64_BIT)";
				BUNDLE_LOADER = "$(BUILT_PRODUCTS_DIR)/Gravy_1.0.app/Gravy_1.0";
				FRAMEWORK_SEARCH_PATHS = (
					"$(SDKROOT)/Developer/Library/Frameworks",
					"$(inherited)",
					"$(DEVELOPER_FRAMEWORKS_DIR)",
				);
				GCC_PRECOMPILE_PREFIX_HEADER = YES;
				GCC_PREFIX_HEADER = "Gravy_1.0/Gravy_1.0-Prefix.pch";
				GCC_PREPROCESSOR_DEFINITIONS = (
					"DEBUG=1",
					"$(inherited)",
				);
				INFOPLIST_FILE = "Gravy_1.0Tests/Gravy_1.0Tests-Info.plist";
				PRODUCT_NAME = "$(TARGET_NAME)";
				TEST_HOST = "$(BUNDLE_LOADER)";
				WRAPPER_EXTENSION = xctest;
			};
			name = Debug;
		};
		5802E7F2180C0F1500AA2227 /* Release */ = {
			isa = XCBuildConfiguration;
			buildSettings = {
				ARCHS = "$(ARCHS_STANDARD_INCLUDING_64_BIT)";
				BUNDLE_LOADER = "$(BUILT_PRODUCTS_DIR)/Gravy_1.0.app/Gravy_1.0";
				FRAMEWORK_SEARCH_PATHS = (
					"$(SDKROOT)/Developer/Library/Frameworks",
					"$(inherited)",
					"$(DEVELOPER_FRAMEWORKS_DIR)",
				);
				GCC_PRECOMPILE_PREFIX_HEADER = YES;
				GCC_PREFIX_HEADER = "Gravy_1.0/Gravy_1.0-Prefix.pch";
				INFOPLIST_FILE = "Gravy_1.0Tests/Gravy_1.0Tests-Info.plist";
				PRODUCT_NAME = "$(TARGET_NAME)";
				TEST_HOST = "$(BUNDLE_LOADER)";
				WRAPPER_EXTENSION = xctest;
			};
			name = Release;
		};
/* End XCBuildConfiguration section */

/* Begin XCConfigurationList section */
		5802E7B6180C0F1400AA2227 /* Build configuration list for PBXProject "Gravy_1.0" */ = {
			isa = XCConfigurationList;
			buildConfigurations = (
				5802E7EB180C0F1500AA2227 /* Debug */,
				5802E7EC180C0F1500AA2227 /* Release */,
			);
			defaultConfigurationIsVisible = 0;
			defaultConfigurationName = Release;
		};
		5802E7ED180C0F1500AA2227 /* Build configuration list for PBXNativeTarget "Gravy_1.0" */ = {
			isa = XCConfigurationList;
			buildConfigurations = (
				5802E7EE180C0F1500AA2227 /* Debug */,
				5802E7EF180C0F1500AA2227 /* Release */,
			);
			defaultConfigurationIsVisible = 0;
			defaultConfigurationName = Release;
		};
		5802E7F0180C0F1500AA2227 /* Build configuration list for PBXNativeTarget "Gravy_1.0Tests" */ = {
			isa = XCConfigurationList;
			buildConfigurations = (
				5802E7F1180C0F1500AA2227 /* Debug */,
				5802E7F2180C0F1500AA2227 /* Release */,
			);
			defaultConfigurationIsVisible = 0;
			defaultConfigurationName = Release;
		};
/* End XCConfigurationList section */
	};
	rootObject = 5802E7B3180C0F1400AA2227 /* Project object */;
}
